
Microsoft Visual Studio Solution File, Format Version 12.00
# Visual Studio Version 17
VisualStudioVersion = 17.5.33516.290
MinimumVisualStudioVersion = 10.0.40219.1
Project("{FAE04EC0-301F-11D3-BF4B-00C04F79EFBC}") = "Renter.Service.API", "Renter.Service.API\Renter.Service.API.csproj", "{BCF6E9B9-8507-46CC-8E7C-EA477860ABB8}"
EndProject
Project("{FAE04EC0-301F-11D3-BF4B-00C04F79EFBC}") = "Renter.Service.Contracts", "Renter.Service.Contracts\Renter.Service.Contracts.csproj", "{A20BE1FD-6FA7-4B16-992C-FAEC249ECB4F}"
EndProject
Project("{FAE04EC0-301F-11D3-BF4B-00C04F79EFBC}") = "Renter.Service.Application", "Renter.Service.Application\Renter.Service.Application.csproj", "{56CF625C-C945-4EF8-89BB-651EBB2ED813}"
EndProject
Project("{FAE04EC0-301F-11D3-BF4B-00C04F79EFBC}") = "Renter.Service.Domain", "Renter.Service.Domain\Renter.Service.Domain.csproj", "{61F23C20-47CF-49DB-A365-EF9B70ED171B}"
EndProject
Project("{FAE04EC0-301F-11D3-BF4B-00C04F79EFBC}") = "Renter.Service.Infrastructure", "Renter.Service.Infrastructure\Renter.Service.Infrastructure.csproj", "{A4CAC7DA-884C-4C0C-B97D-4767BE7E9812}"
EndProject
Global
	GlobalSection(SolutionConfigurationPlatforms) = preSolution
		Debug|Any CPU = Debug|Any CPU
		Release|Any CPU = Release|Any CPU
	EndGlobalSection
	GlobalSection(ProjectConfigurationPlatforms) = postSolution
		{BCF6E9B9-8507-46CC-8E7C-EA477860ABB8}.Debug|Any CPU.ActiveCfg = Debug|Any CPU
		{BCF6E9B9-8507-46CC-8E7C-EA477860ABB8}.Debug|Any CPU.Build.0 = Debug|Any CPU
		{BCF6E9B9-8507-46CC-8E7C-EA477860ABB8}.Release|Any CPU.ActiveCfg = Release|Any CPU
		{BCF6E9B9-8507-46CC-8E7C-EA477860ABB8}.Release|Any CPU.Build.0 = Release|Any CPU
		{A20BE1FD-6FA7-4B16-992C-FAEC249ECB4F}.Debug|Any CPU.ActiveCfg = Debug|Any CPU
		{A20BE1FD-6FA7-4B16-992C-FAEC249ECB4F}.Debug|Any CPU.Build.0 = Debug|Any CPU
		{A20BE1FD-6FA7-4B16-992C-FAEC249ECB4F}.Release|Any CPU.ActiveCfg = Release|Any CPU
		{A20BE1FD-6FA7-4B16-992C-FAEC249ECB4F}.Release|Any CPU.Build.0 = Release|Any CPU
		{56CF625C-C945-4EF8-89BB-651EBB2ED813}.Debug|Any CPU.ActiveCfg = Debug|Any CPU
		{56CF625C-C945-4EF8-89BB-651EBB2ED813}.Debug|Any CPU.Build.0 = Debug|Any CPU
		{56CF625C-C945-4EF8-89BB-651EBB2ED813}.Release|Any CPU.ActiveCfg = Release|Any CPU
		{56CF625C-C945-4EF8-89BB-651EBB2ED813}.Release|Any CPU.Build.0 = Release|Any CPU
		{61F23C20-47CF-49DB-A365-EF9B70ED171B}.Debug|Any CPU.ActiveCfg = Debug|Any CPU
		{61F23C20-47CF-49DB-A365-EF9B70ED171B}.Debug|Any CPU.Build.0 = Debug|Any CPU
		{61F23C20-47CF-49DB-A365-EF9B70ED171B}.Release|Any CPU.ActiveCfg = Release|Any CPU
		{61F23C20-47CF-49DB-A365-EF9B70ED171B}.Release|Any CPU.Build.0 = Release|Any CPU
		{A4CAC7DA-884C-4C0C-B97D-4767BE7E9812}.Debug|Any CPU.ActiveCfg = Debug|Any CPU
		{A4CAC7DA-884C-4C0C-B97D-4767BE7E9812}.Debug|Any CPU.Build.0 = Debug|Any CPU
		{A4CAC7DA-884C-4C0C-B97D-4767BE7E9812}.Release|Any CPU.ActiveCfg = Release|Any CPU
		{A4CAC7DA-884C-4C0C-B97D-4767BE7E9812}.Release|Any CPU.Build.0 = Release|Any CPU
	EndGlobalSection
	GlobalSection(SolutionProperties) = preSolution
		HideSolutionNode = FALSE
	EndGlobalSection
	GlobalSection(ExtensibilityGlobals) = postSolution
		SolutionGuid = {7E592535-053D-4C67-95DD-0262E2212F6B}
	EndGlobalSection
EndGlobal
